
Microsoft Visual Studio Solution File, Format Version 12.00
# Visual Studio 15
VisualStudioVersion = 15.0.28307.1778
MinimumVisualStudioVersion = 10.0.40219.1
Project("{FAE04EC0-301F-11D3-BF4B-00C04F79EFBC}") = "TestCapacityControl", "TestCapacityControl\TestCapacityControl.csproj", "{3AC96735-3D5E-4D1F-A21C-12302A3448F4}"
EndProject
Global
	GlobalSection(SolutionConfigurationPlatforms) = preSolution
		Debug|Any CPU = Debug|Any CPU
		Release|Any CPU = Release|Any CPU
	EndGlobalSection
	GlobalSection(ProjectConfigurationPlatforms) = postSolution
		{3AC96735-3D5E-4D1F-A21C-12302A3448F4}.Debug|Any CPU.ActiveCfg = Debug|Any CPU
		{3AC96735-3D5E-4D1F-A21C-12302A3448F4}.Debug|Any CPU.Build.0 = Debug|Any CPU
		{3AC96735-3D5E-4D1F-A21C-12302A3448F4}.Release|Any CPU.ActiveCfg = Release|Any CPU
		{3AC96735-3D5E-4D1F-A21C-12302A3448F4}.Release|Any CPU.Build.0 = Release|Any CPU
	EndGlobalSection
	GlobalSection(SolutionProperties) = preSolution
		HideSolutionNode = FALSE
	EndGlobalSection
	GlobalSection(ExtensibilityGlobals) = postSolution
		SolutionGuid = {FCD65C65-C4F4-4295-8C63-E6C086037BD7}
	EndGlobalSection
EndGlobal
